Microsoft Visual Studio Solution File, Format Version 12.00
# Visual Studio 15
VisualStudioVersion = 15.0.27428.2037
MinimumVisualStudioVersion = 10.0.40219.1
Project("{9A19103F-16F7-4668-BE54-9A1E7A4F7556}") = "TokenManager", "TokenManager\TokenManager.csproj", "{3F7D1B56-35AD-43A5-9EE9-B46ABCD9E480}"
EndProject
Project("{9A19103F-16F7-4668-BE54-9A1E7A4F7556}") = "TokenManagerClient", "TokenManagerClient\TokenManagerClient.csproj", "{60E1D12B-FD05-46DC-AFD6-D135093F53BE}"
EndProject
Project("{9A19103F-16F7-4668-BE54-9A1E7A4F7556}") = "TokenManagerCommon", "TokenManagerCommon\TokenManagerCommon.csproj", "{2DC226F8-51D5-4F52-AF68-58967E5AF87B}"
EndProject
Global
	GlobalSection(SolutionConfigurationPlatforms) = preSolution
		Debug|Any CPU = Debug|Any CPU
		Release|Any CPU = Release|Any CPU
	EndGlobalSection
	GlobalSection(ProjectConfigurationPlatforms) = postSolution
		{3F7D1B56-35AD-43A5-9EE9-B46ABCD9E480}.Debug|Any CPU.ActiveCfg = Debug|Any CPU
		{3F7D1B56-35AD-43A5-9EE9-B46ABCD9E480}.Debug|Any CPU.Build.0 = Debug|Any CPU
		{3F7D1B56-35AD-43A5-9EE9-B46ABCD9E480}.Release|Any CPU.ActiveCfg = Release|Any CPU
		{3F7D1B56-35AD-43A5-9EE9-B46ABCD9E480}.Release|Any CPU.Build.0 = Release|Any CPU
		{60E1D12B-FD05-46DC-AFD6-D135093F53BE}.Debug|Any CPU.ActiveCfg = Debug|Any CPU
		{60E1D12B-FD05-46DC-AFD6-D135093F53BE}.Debug|Any CPU.Build.0 = Debug|Any CPU
		{60E1D12B-FD05-46DC-AFD6-D135093F53BE}.Release|Any CPU.ActiveCfg = Release|Any CPU
		{60E1D12B-FD05-46DC-AFD6-D135093F53BE}.Release|Any CPU.Build.0 = Release|Any CPU
		{2DC226F8-51D5-4F52-AF68-58967E5AF87B}.Debug|Any CPU.ActiveCfg = Debug|Any CPU
		{2DC226F8-51D5-4F52-AF68-58967E5AF87B}.Debug|Any CPU.Build.0 = Debug|Any CPU
		{2DC226F8-51D5-4F52-AF68-58967E5AF87B}.Release|Any CPU.ActiveCfg = Release|Any CPU
		{2DC226F8-51D5-4F52-AF68-58967E5AF87B}.Release|Any CPU.Build.0 = Release|Any CPU
	EndGlobalSection
	GlobalSection(SolutionProperties) = preSolution
		HideSolutionNode = FALSE
	EndGlobalSection
	GlobalSection(ExtensibilityGlobals) = postSolution
		SolutionGuid = {2AA03CF1-FA30-4F63-9B1D-70B613F9DF4D}
	EndGlobalSection
EndGlobal
